
Microsoft Visual Studio Solution File, Format Version 12.00
# Visual Studio Version 17
VisualStudioVersion = 17.4.33213.308
MinimumVisualStudioVersion = 10.0.40219.1
Project("{FAE04EC0-301F-11D3-BF4B-00C04F79EFBC}") = "kidsschoole", "kidsschoole.csproj", "{D47A767E-AAFC-4D40-AB54-EC20086651FC}"
EndProject
Global
	GlobalSection(SolutionConfigurationPlatforms) = preSolution
		Debug|Any CPU = Debug|Any CPU
		Release|Any CPU = Release|Any CPU
	EndGlobalSection
	GlobalSection(ProjectConfigurationPlatforms) = postSolution
		{D47A767E-AAFC-4D40-AB54-EC20086651FC}.Debug|Any CPU.ActiveCfg = Debug|Any CPU
		{D47A767E-AAFC-4D40-AB54-EC20086651FC}.Debug|Any CPU.Build.0 = Debug|Any CPU
		{D47A767E-AAFC-4D40-AB54-EC20086651FC}.Release|Any CPU.ActiveCfg = Release|Any CPU
		{D47A767E-AAFC-4D40-AB54-EC20086651FC}.Release|Any CPU.Build.0 = Release|Any CPU
	EndGlobalSection
	GlobalSection(SolutionProperties) = preSolution
		HideSolutionNode = FALSE
	EndGlobalSection
	GlobalSection(ExtensibilityGlobals) = postSolution
		SolutionGuid = {97AC494F-A000-431A-9EF6-B9FA10399759}
	EndGlobalSection
EndGlobal
